
Microsoft Visual Studio Solution File, Format Version 12.00
# Visual Studio 14
VisualStudioVersion = 14.0.25420.1
MinimumVisualStudioVersion = 10.0.40219.1
Project("{FAE04EC0-301F-11D3-BF4B-00C04F79EFBC}") = "CardOnlineShop", "CardOnlineShop\CardOnlineShop.csproj", "{D2EC40E6-8A5D-4819-A842-8D3F675D93D1}"
EndProject
Project("{FAE04EC0-301F-11D3-BF4B-00C04F79EFBC}") = "CardShopClient", "CardShopClient\CardShopClient.csproj", "{BE336069-4CC9-4972-875B-8A6D1279CB9F}"
EndProject
Global
	GlobalSection(SolutionConfigurationPlatforms) = preSolution
		Debug|Any CPU = Debug|Any CPU
		Release|Any CPU = Release|Any CPU
	EndGlobalSection
	GlobalSection(ProjectConfigurationPlatforms) = postSolution
		{D2EC40E6-8A5D-4819-A842-8D3F675D93D1}.Debug|Any CPU.ActiveCfg = Debug|Any CPU
		{D2EC40E6-8A5D-4819-A842-8D3F675D93D1}.Debug|Any CPU.Build.0 = Debug|Any CPU
		{D2EC40E6-8A5D-4819-A842-8D3F675D93D1}.Release|Any CPU.ActiveCfg = Release|Any CPU
		{D2EC40E6-8A5D-4819-A842-8D3F675D93D1}.Release|Any CPU.Build.0 = Release|Any CPU
		{BE336069-4CC9-4972-875B-8A6D1279CB9F}.Debug|Any CPU.ActiveCfg = Debug|Any CPU
		{BE336069-4CC9-4972-875B-8A6D1279CB9F}.Debug|Any CPU.Build.0 = Debug|Any CPU
		{BE336069-4CC9-4972-875B-8A6D1279CB9F}.Release|Any CPU.ActiveCfg = Release|Any CPU
		{BE336069-4CC9-4972-875B-8A6D1279CB9F}.Release|Any CPU.Build.0 = Release|Any CPU
	EndGlobalSection
	GlobalSection(SolutionProperties) = preSolution
		HideSolutionNode = FALSE
	EndGlobalSection
EndGlobal
